{
  "name": "foodsave-backend",
  "version": "1.0.0",
  "lockfileVersion": 3,
  "requires": true,
  "packages": {
    "": {
      "name": "foodsave-backend",
      "version": "1.0.0",
      "license": "MIT",
      "dependencies": {
        "@adminjs/express": "^6.0.1",
        "@adminjs/sequelize": "^4.0.0",
        "adminjs": "^7.4.2",
        "bcryptjs": "^2.4.3",
        "cors": "^2.8.5",
        "dotenv": "^16.3.1",
        "express": "^4.18.2",
        "express-validator": "^7.0.1",
        "helmet": "^7.1.0",
        "jsonwebtoken": "^9.0.2",
        "mariadb": "^3.2.2",
        "morgan": "^1.10.0",
        "multer": "^1.4.5-lts.1",
        "sequelize": "^6.35.1",
        "stripe": "^14.5.0"
      },
      "devDependencies": {
        "jest": "^29.7.0",
        "nodemon": "^3.0.2",
        "supertest": "^6.3.3"
      }
    }
  }
}
